
Microsoft Visual Studio Solution File, Format Version 12.00
# Visual Studio Version 17
VisualStudioVersion = 17.8.34511.84
MinimumVisualStudioVersion = 10.0.40219.1
Project("{FAE04EC0-301F-11D3-BF4B-00C04F79EFBC}") = "FormsApp", "FormsApp\FormsApp.csproj", "{BAACE47D-CA14-4AAA-9D28-25495789ACB8}"
EndProject
Project("{F184B08F-C81C-45F6-A57F-5ABD9991F28F}") = "PointLab", "PointLab\PointLab.vbproj", "{134CB093-67A7-4AAB-8EB4-8D0290936B2C}"
EndProject
Global
	GlobalSection(SolutionConfigurationPlatforms) = preSolution
		Debug|Any CPU = Debug|Any CPU
		Release|Any CPU = Release|Any CPU
	EndGlobalSection
	GlobalSection(ProjectConfigurationPlatforms) = postSolution
		{BAACE47D-CA14-4AAA-9D28-25495789ACB8}.Debug|Any CPU.ActiveCfg = Debug|Any CPU
		{BAACE47D-CA14-4AAA-9D28-25495789ACB8}.Debug|Any CPU.Build.0 = Debug|Any CPU
		{BAACE47D-CA14-4AAA-9D28-25495789ACB8}.Release|Any CPU.ActiveCfg = Release|Any CPU
		{BAACE47D-CA14-4AAA-9D28-25495789ACB8}.Release|Any CPU.Build.0 = Release|Any CPU
		{134CB093-67A7-4AAB-8EB4-8D0290936B2C}.Debug|Any CPU.ActiveCfg = Debug|Any CPU
		{134CB093-67A7-4AAB-8EB4-8D0290936B2C}.Debug|Any CPU.Build.0 = Debug|Any CPU
		{134CB093-67A7-4AAB-8EB4-8D0290936B2C}.Release|Any CPU.ActiveCfg = Release|Any CPU
		{134CB093-67A7-4AAB-8EB4-8D0290936B2C}.Release|Any CPU.Build.0 = Release|Any CPU
	EndGlobalSection
	GlobalSection(SolutionProperties) = preSolution
		HideSolutionNode = FALSE
	EndGlobalSection
	GlobalSection(ExtensibilityGlobals) = postSolution
		SolutionGuid = {A4D64F59-3548-440C-8BED-6738455EEBEE}
	EndGlobalSection
EndGlobal
